
Microsoft Visual Studio Solution File, Format Version 12.00
# Visual Studio Version 17
VisualStudioVersion = 17.3.32929.385
MinimumVisualStudioVersion = 10.0.40219.1
Project("{FAE04EC0-301F-11D3-BF4B-00C04F79EFBC}") = "BackEndDorea", "BackEndDorea\BackEndDorea.csproj", "{A27B4797-F063-490F-826D-200FA0DEB2B3}"
EndProject
Global
	GlobalSection(SolutionConfigurationPlatforms) = preSolution
		Debug|Any CPU = Debug|Any CPU
		Release|Any CPU = Release|Any CPU
	EndGlobalSection
	GlobalSection(ProjectConfigurationPlatforms) = postSolution
		{A27B4797-F063-490F-826D-200FA0DEB2B3}.Debug|Any CPU.ActiveCfg = Debug|Any CPU
		{A27B4797-F063-490F-826D-200FA0DEB2B3}.Debug|Any CPU.Build.0 = Debug|Any CPU
		{A27B4797-F063-490F-826D-200FA0DEB2B3}.Release|Any CPU.ActiveCfg = Release|Any CPU
		{A27B4797-F063-490F-826D-200FA0DEB2B3}.Release|Any CPU.Build.0 = Release|Any CPU
	EndGlobalSection
	GlobalSection(SolutionProperties) = preSolution
		HideSolutionNode = FALSE
	EndGlobalSection
	GlobalSection(ExtensibilityGlobals) = postSolution
		SolutionGuid = {4CC0EA81-5B83-4FEC-963A-BF7D8FAD1207}
	EndGlobalSection
EndGlobal
